{
  "name": "tetris",
  "version": "1.0.0",
  "lockfileVersion": 1,
  "requires": true,
  "dependencies": {
    "big-integer": {
      "version": "1.6.26",
      "resolved": "https://registry.npmjs.org/big-integer/-/big-integer-1.6.26.tgz",
      "integrity": "sha1-OvFnL6Ytry1eyvrPblqg0l4Cwcg="
    },
    "jquery": {
      "version": "3.3.1",
      "resolved": "https://registry.npmjs.org/jquery/-/jquery-3.3.1.tgz",
      "integrity": "sha512-Ubldcmxp5np52/ENotGxlLe6aGMvmF4R8S6tZjsP6Knsaxd/xp3Zrh50cG93lR6nPXyUFwzN3ZSOQI0wRJNdGg=="
    },
    "leaderboardsdk": {
      "version": "git+https://github.com/bh-full-stack/LeaderboardSDK.git#5005a9be88594c774e0c1837abb2dc4b77da7ebf"
    }
  }
}
